
Microsoft Visual Studio Solution File, Format Version 12.00
# Visual Studio Version 17
VisualStudioVersion = 17.0.31903.59
MinimumVisualStudioVersion = 10.0.40219.1
Project("{2150E333-8FDC-42A3-9474-1A3956D46DE8}") = "src", "src", "{827E0CD3-B72D-47B6-A68D-7590B98EB39B}"
EndProject
Project("{2150E333-8FDC-42A3-9474-1A3956D46DE8}") = "Modules", "Modules", "{EC447DCF-ABFA-6E24-52A5-D7FD48A5C558}"
EndProject
Project("{2150E333-8FDC-42A3-9474-1A3956D46DE8}") = "Analytics", "Analytics", "{DA0A0FAD-B77D-FDD6-35C5-001386650F99}"
EndProject
Project("{FAE04EC0-301F-11D3-BF4B-00C04F79EFBC}") = "Wasla.Analytics.Application", "src\Modules\Analytics\Wasla.Analytics.Application\Wasla.Analytics.Application.csproj", "{0F13BE98-2DEB-4800-843C-594E43CAA051}"
EndProject
Project("{FAE04EC0-301F-11D3-BF4B-00C04F79EFBC}") = "Wasla.BuildingBlocks", "src\Wasla.BuildingBlocks\Wasla.BuildingBlocks.csproj", "{40E1D64C-D113-45E8-BAEA-7EC5381D3804}"
EndProject
Project("{FAE04EC0-301F-11D3-BF4B-00C04F79EFBC}") = "Wasla.Analytics.Domain", "src\Modules\Analytics\Wasla.Analytics.Domain\Wasla.Analytics.Domain.csproj", "{E68DDC93-ACB5-4018-866B-C6D2A4A7833D}"
EndProject
Project("{FAE04EC0-301F-11D3-BF4B-00C04F79EFBC}") = "Wasla.Analytics.Infrastructure", "src\Modules\Analytics\Wasla.Analytics.Infrastructure\Wasla.Analytics.Infrastructure.csproj", "{5024E3C9-67E3-4CEB-98BC-BE20C8109043}"
EndProject
Project("{2150E333-8FDC-42A3-9474-1A3956D46DE8}") = "Audit", "Audit", "{B7504168-2F66-9EF4-E8D7-36B98062A6F8}"
EndProject
Project("{FAE04EC0-301F-11D3-BF4B-00C04F79EFBC}") = "Wasla.Audit.Application", "src\Modules\Audit\Wasla.Audit.Application\Wasla.Audit.Application.csproj", "{1B8B6241-76A5-4B55-ADB1-D0190BA3E77B}"
EndProject
Project("{FAE04EC0-301F-11D3-BF4B-00C04F79EFBC}") = "Wasla.Audit.Domain", "src\Modules\Audit\Wasla.Audit.Domain\Wasla.Audit.Domain.csproj", "{EE139395-F77F-4B9E-B340-12FDD737B01E}"
EndProject
Project("{FAE04EC0-301F-11D3-BF4B-00C04F79EFBC}") = "Wasla.Audit.Infrastructure", "src\Modules\Audit\Wasla.Audit.Infrastructure\Wasla.Audit.Infrastructure.csproj", "{CFAB5B76-B469-4130-A059-A4B9A7A53460}"
EndProject
Project("{2150E333-8FDC-42A3-9474-1A3956D46DE8}") = "Channels", "Channels", "{9835C5D8-3138-DB98-2AD2-B836632BE08A}"
EndProject
Project("{FAE04EC0-301F-11D3-BF4B-00C04F79EFBC}") = "Wasla.Channels.Application", "src\Modules\Channels\Wasla.Channels.Application\Wasla.Channels.Application.csproj", "{CA705165-F2BD-4706-BB33-E9E4C2376E72}"
EndProject
Project("{FAE04EC0-301F-11D3-BF4B-00C04F79EFBC}") = "Wasla.Channels.Domain", "src\Modules\Channels\Wasla.Channels.Domain\Wasla.Channels.Domain.csproj", "{EA1CFB80-591B-42EE-A5A7-A25EC4267628}"
EndProject
Project("{FAE04EC0-301F-11D3-BF4B-00C04F79EFBC}") = "Wasla.Channels.Infrastructure", "src\Modules\Channels\Wasla.Channels.Infrastructure\Wasla.Channels.Infrastructure.csproj", "{F1A34A5E-894D-443C-8D4B-E8E96C36F68F}"
EndProject
Project("{2150E333-8FDC-42A3-9474-1A3956D46DE8}") = "Conversations", "Conversations", "{138B168B-2473-B06D-4BD5-1B010DA319A1}"
EndProject
Project("{FAE04EC0-301F-11D3-BF4B-00C04F79EFBC}") = "Wasla.Conversations.Application", "src\Modules\Conversations\Wasla.Conversations.Application\Wasla.Conversations.Application.csproj", "{D56A2D32-30B7-4642-91B4-8F6B7CACF485}"
EndProject
Project("{FAE04EC0-301F-11D3-BF4B-00C04F79EFBC}") = "Wasla.Conversations.Domain", "src\Modules\Conversations\Wasla.Conversations.Domain\Wasla.Conversations.Domain.csproj", "{CF6D77C4-43E1-4E92-9710-1E7F621639F8}"
EndProject
Project("{FAE04EC0-301F-11D3-BF4B-00C04F79EFBC}") = "Wasla.Conversations.Infrastructure", "src\Modules\Conversations\Wasla.Conversations.Infrastructure\Wasla.Conversations.Infrastructure.csproj", "{5B845F98-6734-4151-B76B-77EDF9E5BBEF}"
EndProject
Project("{2150E333-8FDC-42A3-9474-1A3956D46DE8}") = "Customers", "Customers", "{7AD5252A-36DB-2D73-68F8-483A9FC97FCA}"
EndProject
Project("{FAE04EC0-301F-11D3-BF4B-00C04F79EFBC}") = "Wasla.Customers.Application", "src\Modules\Customers\Wasla.Customers.Application\Wasla.Customers.Application.csproj", "{AB4BE200-4AB4-492C-BA9E-990189D47674}"
EndProject
Project("{FAE04EC0-301F-11D3-BF4B-00C04F79EFBC}") = "Wasla.Customers.Domain", "src\Modules\Customers\Wasla.Customers.Domain\Wasla.Customers.Domain.csproj", "{7206E661-CA05-453F-9F9C-914053108B2C}"
EndProject
Project("{FAE04EC0-301F-11D3-BF4B-00C04F79EFBC}") = "Wasla.Customers.Infrastructure", "src\Modules\Customers\Wasla.Customers.Infrastructure\Wasla.Customers.Infrastructure.csproj", "{DAD0C2AF-53E5-42AF-9754-6B45024296CC}"
EndProject
Project("{2150E333-8FDC-42A3-9474-1A3956D46DE8}") = "Identity", "Identity", "{0EC62A1A-9858-3A60-8A0C-FC9AACFA2EC7}"
EndProject
Project("{FAE04EC0-301F-11D3-BF4B-00C04F79EFBC}") = "Wasla.Identity.Application", "src\Modules\Identity\Wasla.Identity.Application\Wasla.Identity.Application.csproj", "{6AA8244B-1790-4A7C-8794-D88A0E8980D1}"
EndProject
Project("{FAE04EC0-301F-11D3-BF4B-00C04F79EFBC}") = "Wasla.Identity.Domain", "src\Modules\Identity\Wasla.Identity.Domain\Wasla.Identity.Domain.csproj", "{93A509AE-6D41-4CC7-8A63-CFFC615D6D09}"
EndProject
Project("{FAE04EC0-301F-11D3-BF4B-00C04F79EFBC}") = "Wasla.Identity.Infrastructure", "src\Modules\Identity\Wasla.Identity.Infrastructure\Wasla.Identity.Infrastructure.csproj", "{9C953566-A430-4373-8735-50FC8464A1E9}"
EndProject
Project("{2150E333-8FDC-42A3-9474-1A3956D46DE8}") = "Messages", "Messages", "{A0A5518F-4563-9F5B-0AD7-60A51DC67CE6}"
EndProject
Project("{FAE04EC0-301F-11D3-BF4B-00C04F79EFBC}") = "Wasla.Messages.Application", "src\Modules\Messages\Wasla.Messages.Application\Wasla.Messages.Application.csproj", "{921D3163-2DC7-4EE7-82C1-12B09CB2BE7F}"
EndProject
Project("{FAE04EC0-301F-11D3-BF4B-00C04F79EFBC}") = "Wasla.Messages.Domain", "src\Modules\Messages\Wasla.Messages.Domain\Wasla.Messages.Domain.csproj", "{1ACEE405-F222-49A3-8DCF-06E0A1880CD5}"
EndProject
Project("{FAE04EC0-301F-11D3-BF4B-00C04F79EFBC}") = "Wasla.Messages.Infrastructure", "src\Modules\Messages\Wasla.Messages.Infrastructure\Wasla.Messages.Infrastructure.csproj", "{63E9C65B-80EB-4B12-B6FD-E198ED17DFC3}"
EndProject
Project("{2150E333-8FDC-42A3-9474-1A3956D46DE8}") = "Notifications", "Notifications", "{DE9DAF8A-E684-0FD3-FFDC-40D3E3158533}"
EndProject
Project("{FAE04EC0-301F-11D3-BF4B-00C04F79EFBC}") = "Wasla.Notifications.Application", "src\Modules\Notifications\Wasla.Notifications.Application\Wasla.Notifications.Application.csproj", "{B85AA70F-86AB-46BB-BBD7-4F0E777814B3}"
EndProject
Project("{FAE04EC0-301F-11D3-BF4B-00C04F79EFBC}") = "Wasla.Notifications.Domain", "src\Modules\Notifications\Wasla.Notifications.Domain\Wasla.Notifications.Domain.csproj", "{C9E75D1E-61FC-49DE-8FD0-F2334986B573}"
EndProject
Project("{FAE04EC0-301F-11D3-BF4B-00C04F79EFBC}") = "Wasla.Notifications.Infrastructure", "src\Modules\Notifications\Wasla.Notifications.Infrastructure\Wasla.Notifications.Infrastructure.csproj", "{0FF45ADA-531C-4408-917F-997900C3DB14}"
EndProject
Project("{2150E333-8FDC-42A3-9474-1A3956D46DE8}") = "Tasks", "Tasks", "{4C6BDAE4-8D09-3162-71E4-914813D2EA71}"
EndProject
Project("{FAE04EC0-301F-11D3-BF4B-00C04F79EFBC}") = "Wasla.Tasks.Application", "src\Modules\Tasks\Wasla.Tasks.Application\Wasla.Tasks.Application.csproj", "{05A601E0-439C-48CF-B11D-A47F061CE08E}"
EndProject
Project("{FAE04EC0-301F-11D3-BF4B-00C04F79EFBC}") = "Wasla.Tasks.Domain", "src\Modules\Tasks\Wasla.Tasks.Domain\Wasla.Tasks.Domain.csproj", "{EE96B249-C9BC-4454-AFAE-62467D261CE8}"
EndProject
Project("{FAE04EC0-301F-11D3-BF4B-00C04F79EFBC}") = "Wasla.Tasks.Infrastructure", "src\Modules\Tasks\Wasla.Tasks.Infrastructure\Wasla.Tasks.Infrastructure.csproj", "{D1ADA381-22DA-474A-AA58-330C8ED2B90B}"
EndProject
Project("{2150E333-8FDC-42A3-9474-1A3956D46DE8}") = "Teams", "Teams", "{36085FE5-2F3B-08E4-8E3E-EB6543970461}"
EndProject
Project("{FAE04EC0-301F-11D3-BF4B-00C04F79EFBC}") = "Wasla.Teams.Application", "src\Modules\Teams\Wasla.Teams.Application\Wasla.Teams.Application.csproj", "{4281CAED-868C-4964-8FD1-C5DB5AA405BF}"
EndProject
Project("{FAE04EC0-301F-11D3-BF4B-00C04F79EFBC}") = "Wasla.Teams.Domain", "src\Modules\Teams\Wasla.Teams.Domain\Wasla.Teams.Domain.csproj", "{BA276F30-4175-41FC-A673-FC6C706A1337}"
EndProject
Project("{FAE04EC0-301F-11D3-BF4B-00C04F79EFBC}") = "Wasla.Teams.Infrastructure", "src\Modules\Teams\Wasla.Teams.Infrastructure\Wasla.Teams.Infrastructure.csproj", "{A6948F7D-209A-40C1-ADC8-EC6C38DFFF73}"
EndProject
Project("{2150E333-8FDC-42A3-9474-1A3956D46DE8}") = "Tenancy", "Tenancy", "{4229EDB8-0862-B55E-9945-90D59FE8EB87}"
EndProject
Project("{FAE04EC0-301F-11D3-BF4B-00C04F79EFBC}") = "Wasla.Tenancy.Application", "src\Modules\Tenancy\Wasla.Tenancy.Application\Wasla.Tenancy.Application.csproj", "{BB9872BF-E673-4DBE-976D-1C4E3DB3ADB7}"
EndProject
Project("{FAE04EC0-301F-11D3-BF4B-00C04F79EFBC}") = "Wasla.Tenancy.Domain", "src\Modules\Tenancy\Wasla.Tenancy.Domain\Wasla.Tenancy.Domain.csproj", "{F683E067-0F58-407E-B36D-FFF3E5D753FD}"
EndProject
Project("{FAE04EC0-301F-11D3-BF4B-00C04F79EFBC}") = "Wasla.Tenancy.Infrastructure", "src\Modules\Tenancy\Wasla.Tenancy.Infrastructure\Wasla.Tenancy.Infrastructure.csproj", "{CF525F8A-A1B2-4C76-AF0D-6E77B90924DE}"
EndProject
Project("{2150E333-8FDC-42A3-9474-1A3956D46DE8}") = "Tickets", "Tickets", "{DCC2A9F5-D008-FC8D-9716-AE5A6AD62564}"
EndProject
Project("{FAE04EC0-301F-11D3-BF4B-00C04F79EFBC}") = "Wasla.Tickets.Application", "src\Modules\Tickets\Wasla.Tickets.Application\Wasla.Tickets.Application.csproj", "{48EA0DB3-4F97-49CE-8AAA-9E985A4F26BF}"
EndProject
Project("{FAE04EC0-301F-11D3-BF4B-00C04F79EFBC}") = "Wasla.Tickets.Domain", "src\Modules\Tickets\Wasla.Tickets.Domain\Wasla.Tickets.Domain.csproj", "{D506EEE8-8CD2-49AA-A945-2CC758105A83}"
EndProject
Project("{FAE04EC0-301F-11D3-BF4B-00C04F79EFBC}") = "Wasla.Tickets.Infrastructure", "src\Modules\Tickets\Wasla.Tickets.Infrastructure\Wasla.Tickets.Infrastructure.csproj", "{F463F8F1-89CD-42D1-B4A5-4056241A8FEF}"
EndProject
Project("{FAE04EC0-301F-11D3-BF4B-00C04F79EFBC}") = "Wasla.Api", "src\Wasla.Api\Wasla.Api.csproj", "{B022D11E-BD31-4444-9724-51FC0D96723A}"
EndProject
Project("{2150E333-8FDC-42A3-9474-1A3956D46DE8}") = "tests", "tests", "{0AB3BF05-4346-4AA6-1389-037BE0695223}"
EndProject
Project("{FAE04EC0-301F-11D3-BF4B-00C04F79EFBC}") = "Wasla.ArchitectureTests", "tests\Wasla.ArchitectureTests\Wasla.ArchitectureTests.csproj", "{2C4ACA50-6189-4D49-920F-942815437DC4}"
EndProject
Project("{FAE04EC0-301F-11D3-BF4B-00C04F79EFBC}") = "Wasla.IntegrationTests", "tests\Wasla.IntegrationTests\Wasla.IntegrationTests.csproj", "{50A10494-3294-41B5-A72B-06096CF61C51}"
EndProject
Project("{FAE04EC0-301F-11D3-BF4B-00C04F79EFBC}") = "Wasla.UnitTests", "tests\Wasla.UnitTests\Wasla.UnitTests.csproj", "{3C96F81E-C514-489B-A311-817728EAF7F6}"
EndProject
Global
	GlobalSection(SolutionConfigurationPlatforms) = preSolution
		Debug|Any CPU = Debug|Any CPU
		Debug|x64 = Debug|x64
		Debug|x86 = Debug|x86
		Release|Any CPU = Release|Any CPU
		Release|x64 = Release|x64
		Release|x86 = Release|x86
	EndGlobalSection
	GlobalSection(ProjectConfigurationPlatforms) = postSolution
		{0F13BE98-2DEB-4800-843C-594E43CAA051}.Debug|Any CPU.ActiveCfg = Debug|Any CPU
		{0F13BE98-2DEB-4800-843C-594E43CAA051}.Debug|Any CPU.Build.0 = Debug|Any CPU
		{0F13BE98-2DEB-4800-843C-594E43CAA051}.Debug|x64.ActiveCfg = Debug|Any CPU
		{0F13BE98-2DEB-4800-843C-594E43CAA051}.Debug|x64.Build.0 = Debug|Any CPU
		{0F13BE98-2DEB-4800-843C-594E43CAA051}.Debug|x86.ActiveCfg = Debug|Any CPU
		{0F13BE98-2DEB-4800-843C-594E43CAA051}.Debug|x86.Build.0 = Debug|Any CPU
		{0F13BE98-2DEB-4800-843C-594E43CAA051}.Release|Any CPU.ActiveCfg = Release|Any CPU
		{0F13BE98-2DEB-4800-843C-594E43CAA051}.Release|Any CPU.Build.0 = Release|Any CPU
		{0F13BE98-2DEB-4800-843C-594E43CAA051}.Release|x64.ActiveCfg = Release|Any CPU
		{0F13BE98-2DEB-4800-843C-594E43CAA051}.Release|x64.Build.0 = Release|Any CPU
		{0F13BE98-2DEB-4800-843C-594E43CAA051}.Release|x86.ActiveCfg = Release|Any CPU
		{0F13BE98-2DEB-4800-843C-594E43CAA051}.Release|x86.Build.0 = Release|Any CPU
		{40E1D64C-D113-45E8-BAEA-7EC5381D3804}.Debug|Any CPU.ActiveCfg = Debug|Any CPU
		{40E1D64C-D113-45E8-BAEA-7EC5381D3804}.Debug|Any CPU.Build.0 = Debug|Any CPU
		{40E1D64C-D113-45E8-BAEA-7EC5381D3804}.Debug|x64.ActiveCfg = Debug|Any CPU
		{40E1D64C-D113-45E8-BAEA-7EC5381D3804}.Debug|x64.Build.0 = Debug|Any CPU
		{40E1D64C-D113-45E8-BAEA-7EC5381D3804}.Debug|x86.ActiveCfg = Debug|Any CPU
		{40E1D64C-D113-45E8-BAEA-7EC5381D3804}.Debug|x86.Build.0 = Debug|Any CPU
		{40E1D64C-D113-45E8-BAEA-7EC5381D3804}.Release|Any CPU.ActiveCfg = Release|Any CPU
		{40E1D64C-D113-45E8-BAEA-7EC5381D3804}.Release|Any CPU.Build.0 = Release|Any CPU
		{40E1D64C-D113-45E8-BAEA-7EC5381D3804}.Release|x64.ActiveCfg = Release|Any CPU
		{40E1D64C-D113-45E8-BAEA-7EC5381D3804}.Release|x64.Build.0 = Release|Any CPU
		{40E1D64C-D113-45E8-BAEA-7EC5381D3804}.Release|x86.ActiveCfg = Release|Any CPU
		{40E1D64C-D113-45E8-BAEA-7EC5381D3804}.Release|x86.Build.0 = Release|Any CPU
		{E68DDC93-ACB5-4018-866B-C6D2A4A7833D}.Debug|Any CPU.ActiveCfg = Debug|Any CPU
		{E68DDC93-ACB5-4018-866B-C6D2A4A7833D}.Debug|Any CPU.Build.0 = Debug|Any CPU
		{E68DDC93-ACB5-4018-866B-C6D2A4A7833D}.Debug|x64.ActiveCfg = Debug|Any CPU
		{E68DDC93-ACB5-4018-866B-C6D2A4A7833D}.Debug|x64.Build.0 = Debug|Any CPU
		{E68DDC93-ACB5-4018-866B-C6D2A4A7833D}.Debug|x86.ActiveCfg = Debug|Any CPU
		{E68DDC93-ACB5-4018-866B-C6D2A4A7833D}.Debug|x86.Build.0 = Debug|Any CPU
		{E68DDC93-ACB5-4018-866B-C6D2A4A7833D}.Release|Any CPU.ActiveCfg = Release|Any CPU
		{E68DDC93-ACB5-4018-866B-C6D2A4A7833D}.Release|Any CPU.Build.0 = Release|Any CPU
		{E68DDC93-ACB5-4018-866B-C6D2A4A7833D}.Release|x64.ActiveCfg = Release|Any CPU
		{E68DDC93-ACB5-4018-866B-C6D2A4A7833D}.Release|x64.Build.0 = Release|Any CPU
		{E68DDC93-ACB5-4018-866B-C6D2A4A7833D}.Release|x86.ActiveCfg = Release|Any CPU
		{E68DDC93-ACB5-4018-866B-C6D2A4A7833D}.Release|x86.Build.0 = Release|Any CPU
		{5024E3C9-67E3-4CEB-98BC-BE20C8109043}.Debug|Any CPU.ActiveCfg = Debug|Any CPU
		{5024E3C9-67E3-4CEB-98BC-BE20C8109043}.Debug|Any CPU.Build.0 = Debug|Any CPU
		{5024E3C9-67E3-4CEB-98BC-BE20C8109043}.Debug|x64.ActiveCfg = Debug|Any CPU
		{5024E3C9-67E3-4CEB-98BC-BE20C8109043}.Debug|x64.Build.0 = Debug|Any CPU
		{5024E3C9-67E3-4CEB-98BC-BE20C8109043}.Debug|x86.ActiveCfg = Debug|Any CPU
		{5024E3C9-67E3-4CEB-98BC-BE20C8109043}.Debug|x86.Build.0 = Debug|Any CPU
		{5024E3C9-67E3-4CEB-98BC-BE20C8109043}.Release|Any CPU.ActiveCfg = Release|Any CPU
		{5024E3C9-67E3-4CEB-98BC-BE20C8109043}.Release|Any CPU.Build.0 = Release|Any CPU
		{5024E3C9-67E3-4CEB-98BC-BE20C8109043}.Release|x64.ActiveCfg = Release|Any CPU
		{5024E3C9-67E3-4CEB-98BC-BE20C8109043}.Release|x64.Build.0 = Release|Any CPU
		{5024E3C9-67E3-4CEB-98BC-BE20C8109043}.Release|x86.ActiveCfg = Release|Any CPU
		{5024E3C9-67E3-4CEB-98BC-BE20C8109043}.Release|x86.Build.0 = Release|Any CPU
		{1B8B6241-76A5-4B55-ADB1-D0190BA3E77B}.Debug|Any CPU.ActiveCfg = Debug|Any CPU
		{1B8B6241-76A5-4B55-ADB1-D0190BA3E77B}.Debug|Any CPU.Build.0 = Debug|Any CPU
		{1B8B6241-76A5-4B55-ADB1-D0190BA3E77B}.Debug|x64.ActiveCfg = Debug|Any CPU
		{1B8B6241-76A5-4B55-ADB1-D0190BA3E77B}.Debug|x64.Build.0 = Debug|Any CPU
		{1B8B6241-76A5-4B55-ADB1-D0190BA3E77B}.Debug|x86.ActiveCfg = Debug|Any CPU
		{1B8B6241-76A5-4B55-ADB1-D0190BA3E77B}.Debug|x86.Build.0 = Debug|Any CPU
		{1B8B6241-76A5-4B55-ADB1-D0190BA3E77B}.Release|Any CPU.ActiveCfg = Release|Any CPU
		{1B8B6241-76A5-4B55-ADB1-D0190BA3E77B}.Release|Any CPU.Build.0 = Release|Any CPU
		{1B8B6241-76A5-4B55-ADB1-D0190BA3E77B}.Release|x64.ActiveCfg = Release|Any CPU
		{1B8B6241-76A5-4B55-ADB1-D0190BA3E77B}.Release|x64.Build.0 = Release|Any CPU
		{1B8B6241-76A5-4B55-ADB1-D0190BA3E77B}.Release|x86.ActiveCfg = Release|Any CPU
		{1B8B6241-76A5-4B55-ADB1-D0190BA3E77B}.Release|x86.Build.0 = Release|Any CPU
		{EE139395-F77F-4B9E-B340-12FDD737B01E}.Debug|Any CPU.ActiveCfg = Debug|Any CPU
		{EE139395-F77F-4B9E-B340-12FDD737B01E}.Debug|Any CPU.Build.0 = Debug|Any CPU
		{EE139395-F77F-4B9E-B340-12FDD737B01E}.Debug|x64.ActiveCfg = Debug|Any CPU
		{EE139395-F77F-4B9E-B340-12FDD737B01E}.Debug|x64.Build.0 = Debug|Any CPU
		{EE139395-F77F-4B9E-B340-12FDD737B01E}.Debug|x86.ActiveCfg = Debug|Any CPU
		{EE139395-F77F-4B9E-B340-12FDD737B01E}.Debug|x86.Build.0 = Debug|Any CPU
		{EE139395-F77F-4B9E-B340-12FDD737B01E}.Release|Any CPU.ActiveCfg = Release|Any CPU
		{EE139395-F77F-4B9E-B340-12FDD737B01E}.Release|Any CPU.Build.0 = Release|Any CPU
		{EE139395-F77F-4B9E-B340-12FDD737B01E}.Release|x64.ActiveCfg = Release|Any CPU
		{EE139395-F77F-4B9E-B340-12FDD737B01E}.Release|x64.Build.0 = Release|Any CPU
		{EE139395-F77F-4B9E-B340-12FDD737B01E}.Release|x86.ActiveCfg = Release|Any CPU
		{EE139395-F77F-4B9E-B340-12FDD737B01E}.Release|x86.Build.0 = Release|Any CPU
		{CFAB5B76-B469-4130-A059-A4B9A7A53460}.Debug|Any CPU.ActiveCfg = Debug|Any CPU
		{CFAB5B76-B469-4130-A059-A4B9A7A53460}.Debug|Any CPU.Build.0 = Debug|Any CPU
		{CFAB5B76-B469-4130-A059-A4B9A7A53460}.Debug|x64.ActiveCfg = Debug|Any CPU
		{CFAB5B76-B469-4130-A059-A4B9A7A53460}.Debug|x64.Build.0 = Debug|Any CPU
		{CFAB5B76-B469-4130-A059-A4B9A7A53460}.Debug|x86.ActiveCfg = Debug|Any CPU
		{CFAB5B76-B469-4130-A059-A4B9A7A53460}.Debug|x86.Build.0 = Debug|Any CPU
		{CFAB5B76-B469-4130-A059-A4B9A7A53460}.Release|Any CPU.ActiveCfg = Release|Any CPU
		{CFAB5B76-B469-4130-A059-A4B9A7A53460}.Release|Any CPU.Build.0 = Release|Any CPU
		{CFAB5B76-B469-4130-A059-A4B9A7A53460}.Release|x64.ActiveCfg = Release|Any CPU
		{CFAB5B76-B469-4130-A059-A4B9A7A53460}.Release|x64.Build.0 = Release|Any CPU
		{CFAB5B76-B469-4130-A059-A4B9A7A53460}.Release|x86.ActiveCfg = Release|Any CPU
		{CFAB5B76-B469-4130-A059-A4B9A7A53460}.Release|x86.Build.0 = Release|Any CPU
		{CA705165-F2BD-4706-BB33-E9E4C2376E72}.Debug|Any CPU.ActiveCfg = Debug|Any CPU
		{CA705165-F2BD-4706-BB33-E9E4C2376E72}.Debug|Any CPU.Build.0 = Debug|Any CPU
		{CA705165-F2BD-4706-BB33-E9E4C2376E72}.Debug|x64.ActiveCfg = Debug|Any CPU
		{CA705165-F2BD-4706-BB33-E9E4C2376E72}.Debug|x64.Build.0 = Debug|Any CPU
		{CA705165-F2BD-4706-BB33-E9E4C2376E72}.Debug|x86.ActiveCfg = Debug|Any CPU
		{CA705165-F2BD-4706-BB33-E9E4C2376E72}.Debug|x86.Build.0 = Debug|Any CPU
		{CA705165-F2BD-4706-BB33-E9E4C2376E72}.Release|Any CPU.ActiveCfg = Release|Any CPU
		{CA705165-F2BD-4706-BB33-E9E4C2376E72}.Release|Any CPU.Build.0 = Release|Any CPU
		{CA705165-F2BD-4706-BB33-E9E4C2376E72}.Release|x64.ActiveCfg = Release|Any CPU
		{CA705165-F2BD-4706-BB33-E9E4C2376E72}.Release|x64.Build.0 = Release|Any CPU
		{CA705165-F2BD-4706-BB33-E9E4C2376E72}.Release|x86.ActiveCfg = Release|Any CPU
		{CA705165-F2BD-4706-BB33-E9E4C2376E72}.Release|x86.Build.0 = Release|Any CPU
		{EA1CFB80-591B-42EE-A5A7-A25EC4267628}.Debug|Any CPU.ActiveCfg = Debug|Any CPU
		{EA1CFB80-591B-42EE-A5A7-A25EC4267628}.Debug|Any CPU.Build.0 = Debug|Any CPU
		{EA1CFB80-591B-42EE-A5A7-A25EC4267628}.Debug|x64.ActiveCfg = Debug|Any CPU
		{EA1CFB80-591B-42EE-A5A7-A25EC4267628}.Debug|x64.Build.0 = Debug|Any CPU
		{EA1CFB80-591B-42EE-A5A7-A25EC4267628}.Debug|x86.ActiveCfg = Debug|Any CPU
		{EA1CFB80-591B-42EE-A5A7-A25EC4267628}.Debug|x86.Build.0 = Debug|Any CPU
		{EA1CFB80-591B-42EE-A5A7-A25EC4267628}.Release|Any CPU.ActiveCfg = Release|Any CPU
		{EA1CFB80-591B-42EE-A5A7-A25EC4267628}.Release|Any CPU.Build.0 = Release|Any CPU
		{EA1CFB80-591B-42EE-A5A7-A25EC4267628}.Release|x64.ActiveCfg = Release|Any CPU
		{EA1CFB80-591B-42EE-A5A7-A25EC4267628}.Release|x64.Build.0 = Release|Any CPU
		{EA1CFB80-591B-42EE-A5A7-A25EC4267628}.Release|x86.ActiveCfg = Release|Any CPU
		{EA1CFB80-591B-42EE-A5A7-A25EC4267628}.Release|x86.Build.0 = Release|Any CPU
		{F1A34A5E-894D-443C-8D4B-E8E96C36F68F}.Debug|Any CPU.ActiveCfg = Debug|Any CPU
		{F1A34A5E-894D-443C-8D4B-E8E96C36F68F}.Debug|Any CPU.Build.0 = Debug|Any CPU
		{F1A34A5E-894D-443C-8D4B-E8E96C36F68F}.Debug|x64.ActiveCfg = Debug|Any CPU
		{F1A34A5E-894D-443C-8D4B-E8E96C36F68F}.Debug|x64.Build.0 = Debug|Any CPU
		{F1A34A5E-894D-443C-8D4B-E8E96C36F68F}.Debug|x86.ActiveCfg = Debug|Any CPU
		{F1A34A5E-894D-443C-8D4B-E8E96C36F68F}.Debug|x86.Build.0 = Debug|Any CPU
		{F1A34A5E-894D-443C-8D4B-E8E96C36F68F}.Release|Any CPU.ActiveCfg = Release|Any CPU
		{F1A34A5E-894D-443C-8D4B-E8E96C36F68F}.Release|Any CPU.Build.0 = Release|Any CPU
		{F1A34A5E-894D-443C-8D4B-E8E96C36F68F}.Release|x64.ActiveCfg = Release|Any CPU
		{F1A34A5E-894D-443C-8D4B-E8E96C36F68F}.Release|x64.Build.0 = Release|Any CPU
		{F1A34A5E-894D-443C-8D4B-E8E96C36F68F}.Release|x86.ActiveCfg = Release|Any CPU
		{F1A34A5E-894D-443C-8D4B-E8E96C36F68F}.Release|x86.Build.0 = Release|Any CPU
		{D56A2D32-30B7-4642-91B4-8F6B7CACF485}.Debug|Any CPU.ActiveCfg = Debug|Any CPU
		{D56A2D32-30B7-4642-91B4-8F6B7CACF485}.Debug|Any CPU.Build.0 = Debug|Any CPU
		{D56A2D32-30B7-4642-91B4-8F6B7CACF485}.Debug|x64.ActiveCfg = Debug|Any CPU
		{D56A2D32-30B7-4642-91B4-8F6B7CACF485}.Debug|x64.Build.0 = Debug|Any CPU
		{D56A2D32-30B7-4642-91B4-8F6B7CACF485}.Debug|x86.ActiveCfg = Debug|Any CPU
		{D56A2D32-30B7-4642-91B4-8F6B7CACF485}.Debug|x86.Build.0 = Debug|Any CPU
		{D56A2D32-30B7-4642-91B4-8F6B7CACF485}.Release|Any CPU.ActiveCfg = Release|Any CPU
		{D56A2D32-30B7-4642-91B4-8F6B7CACF485}.Release|Any CPU.Build.0 = Release|Any CPU
		{D56A2D32-30B7-4642-91B4-8F6B7CACF485}.Release|x64.ActiveCfg = Release|Any CPU
		{D56A2D32-30B7-4642-91B4-8F6B7CACF485}.Release|x64.Build.0 = Release|Any CPU
		{D56A2D32-30B7-4642-91B4-8F6B7CACF485}.Release|x86.ActiveCfg = Release|Any CPU
		{D56A2D32-30B7-4642-91B4-8F6B7CACF485}.Release|x86.Build.0 = Release|Any CPU
		{CF6D77C4-43E1-4E92-9710-1E7F621639F8}.Debug|Any CPU.ActiveCfg = Debug|Any CPU
		{CF6D77C4-43E1-4E92-9710-1E7F621639F8}.Debug|Any CPU.Build.0 = Debug|Any CPU
		{CF6D77C4-43E1-4E92-9710-1E7F621639F8}.Debug|x64.ActiveCfg = Debug|Any CPU
		{CF6D77C4-43E1-4E92-9710-1E7F621639F8}.Debug|x64.Build.0 = Debug|Any CPU
		{CF6D77C4-43E1-4E92-9710-1E7F621639F8}.Debug|x86.ActiveCfg = Debug|Any CPU
		{CF6D77C4-43E1-4E92-9710-1E7F621639F8}.Debug|x86.Build.0 = Debug|Any CPU
		{CF6D77C4-43E1-4E92-9710-1E7F621639F8}.Release|Any CPU.ActiveCfg = Release|Any CPU
		{CF6D77C4-43E1-4E92-9710-1E7F621639F8}.Release|Any CPU.Build.0 = Release|Any CPU
		{CF6D77C4-43E1-4E92-9710-1E7F621639F8}.Release|x64.ActiveCfg = Release|Any CPU
		{CF6D77C4-43E1-4E92-9710-1E7F621639F8}.Release|x64.Build.0 = Release|Any CPU
		{CF6D77C4-43E1-4E92-9710-1E7F621639F8}.Release|x86.ActiveCfg = Release|Any CPU
		{CF6D77C4-43E1-4E92-9710-1E7F621639F8}.Release|x86.Build.0 = Release|Any CPU
		{5B845F98-6734-4151-B76B-77EDF9E5BBEF}.Debug|Any CPU.ActiveCfg = Debug|Any CPU
		{5B845F98-6734-4151-B76B-77EDF9E5BBEF}.Debug|Any CPU.Build.0 = Debug|Any CPU
		{5B845F98-6734-4151-B76B-77EDF9E5BBEF}.Debug|x64.ActiveCfg = Debug|Any CPU
		{5B845F98-6734-4151-B76B-77EDF9E5BBEF}.Debug|x64.Build.0 = Debug|Any CPU
		{5B845F98-6734-4151-B76B-77EDF9E5BBEF}.Debug|x86.ActiveCfg = Debug|Any CPU
		{5B845F98-6734-4151-B76B-77EDF9E5BBEF}.Debug|x86.Build.0 = Debug|Any CPU
		{5B845F98-6734-4151-B76B-77EDF9E5BBEF}.Release|Any CPU.ActiveCfg = Release|Any CPU
		{5B845F98-6734-4151-B76B-77EDF9E5BBEF}.Release|Any CPU.Build.0 = Release|Any CPU
		{5B845F98-6734-4151-B76B-77EDF9E5BBEF}.Release|x64.ActiveCfg = Release|Any CPU
		{5B845F98-6734-4151-B76B-77EDF9E5BBEF}.Release|x64.Build.0 = Release|Any CPU
		{5B845F98-6734-4151-B76B-77EDF9E5BBEF}.Release|x86.ActiveCfg = Release|Any CPU
		{5B845F98-6734-4151-B76B-77EDF9E5BBEF}.Release|x86.Build.0 = Release|Any CPU
		{AB4BE200-4AB4-492C-BA9E-990189D47674}.Debug|Any CPU.ActiveCfg = Debug|Any CPU
		{AB4BE200-4AB4-492C-BA9E-990189D47674}.Debug|Any CPU.Build.0 = Debug|Any CPU
		{AB4BE200-4AB4-492C-BA9E-990189D47674}.Debug|x64.ActiveCfg = Debug|Any CPU
		{AB4BE200-4AB4-492C-BA9E-990189D47674}.Debug|x64.Build.0 = Debug|Any CPU
		{AB4BE200-4AB4-492C-BA9E-990189D47674}.Debug|x86.ActiveCfg = Debug|Any CPU
		{AB4BE200-4AB4-492C-BA9E-990189D47674}.Debug|x86.Build.0 = Debug|Any CPU
		{AB4BE200-4AB4-492C-BA9E-990189D47674}.Release|Any CPU.ActiveCfg = Release|Any CPU
		{AB4BE200-4AB4-492C-BA9E-990189D47674}.Release|Any CPU.Build.0 = Release|Any CPU
		{AB4BE200-4AB4-492C-BA9E-990189D47674}.Release|x64.ActiveCfg = Release|Any CPU
		{AB4BE200-4AB4-492C-BA9E-990189D47674}.Release|x64.Build.0 = Release|Any CPU
		{AB4BE200-4AB4-492C-BA9E-990189D47674}.Release|x86.ActiveCfg = Release|Any CPU
		{AB4BE200-4AB4-492C-BA9E-990189D47674}.Release|x86.Build.0 = Release|Any CPU
		{7206E661-CA05-453F-9F9C-914053108B2C}.Debug|Any CPU.ActiveCfg = Debug|Any CPU
		{7206E661-CA05-453F-9F9C-914053108B2C}.Debug|Any CPU.Build.0 = Debug|Any CPU
		{7206E661-CA05-453F-9F9C-914053108B2C}.Debug|x64.ActiveCfg = Debug|Any CPU
		{7206E661-CA05-453F-9F9C-914053108B2C}.Debug|x64.Build.0 = Debug|Any CPU
		{7206E661-CA05-453F-9F9C-914053108B2C}.Debug|x86.ActiveCfg = Debug|Any CPU
		{7206E661-CA05-453F-9F9C-914053108B2C}.Debug|x86.Build.0 = Debug|Any CPU
		{7206E661-CA05-453F-9F9C-914053108B2C}.Release|Any CPU.ActiveCfg = Release|Any CPU
		{7206E661-CA05-453F-9F9C-914053108B2C}.Release|Any CPU.Build.0 = Release|Any CPU
		{7206E661-CA05-453F-9F9C-914053108B2C}.Release|x64.ActiveCfg = Release|Any CPU
		{7206E661-CA05-453F-9F9C-914053108B2C}.Release|x64.Build.0 = Release|Any CPU
		{7206E661-CA05-453F-9F9C-914053108B2C}.Release|x86.ActiveCfg = Release|Any CPU
		{7206E661-CA05-453F-9F9C-914053108B2C}.Release|x86.Build.0 = Release|Any CPU
		{DAD0C2AF-53E5-42AF-9754-6B45024296CC}.Debug|Any CPU.ActiveCfg = Debug|Any CPU
		{DAD0C2AF-53E5-42AF-9754-6B45024296CC}.Debug|Any CPU.Build.0 = Debug|Any CPU
		{DAD0C2AF-53E5-42AF-9754-6B45024296CC}.Debug|x64.ActiveCfg = Debug|Any CPU
		{DAD0C2AF-53E5-42AF-9754-6B45024296CC}.Debug|x64.Build.0 = Debug|Any CPU
		{DAD0C2AF-53E5-42AF-9754-6B45024296CC}.Debug|x86.ActiveCfg = Debug|Any CPU
		{DAD0C2AF-53E5-42AF-9754-6B45024296CC}.Debug|x86.Build.0 = Debug|Any CPU
		{DAD0C2AF-53E5-42AF-9754-6B45024296CC}.Release|Any CPU.ActiveCfg = Release|Any CPU
		{DAD0C2AF-53E5-42AF-9754-6B45024296CC}.Release|Any CPU.Build.0 = Release|Any CPU
		{DAD0C2AF-53E5-42AF-9754-6B45024296CC}.Release|x64.ActiveCfg = Release|Any CPU
		{DAD0C2AF-53E5-42AF-9754-6B45024296CC}.Release|x64.Build.0 = Release|Any CPU
		{DAD0C2AF-53E5-42AF-9754-6B45024296CC}.Release|x86.ActiveCfg = Release|Any CPU
		{DAD0C2AF-53E5-42AF-9754-6B45024296CC}.Release|x86.Build.0 = Release|Any CPU
		{6AA8244B-1790-4A7C-8794-D88A0E8980D1}.Debug|Any CPU.ActiveCfg = Debug|Any CPU
		{6AA8244B-1790-4A7C-8794-D88A0E8980D1}.Debug|Any CPU.Build.0 = Debug|Any CPU
		{6AA8244B-1790-4A7C-8794-D88A0E8980D1}.Debug|x64.ActiveCfg = Debug|Any CPU
		{6AA8244B-1790-4A7C-8794-D88A0E8980D1}.Debug|x64.Build.0 = Debug|Any CPU
		{6AA8244B-1790-4A7C-8794-D88A0E8980D1}.Debug|x86.ActiveCfg = Debug|Any CPU
		{6AA8244B-1790-4A7C-8794-D88A0E8980D1}.Debug|x86.Build.0 = Debug|Any CPU
		{6AA8244B-1790-4A7C-8794-D88A0E8980D1}.Release|Any CPU.ActiveCfg = Release|Any CPU
		{6AA8244B-1790-4A7C-8794-D88A0E8980D1}.Release|Any CPU.Build.0 = Release|Any CPU
		{6AA8244B-1790-4A7C-8794-D88A0E8980D1}.Release|x64.ActiveCfg = Release|Any CPU
		{6AA8244B-1790-4A7C-8794-D88A0E8980D1}.Release|x64.Build.0 = Release|Any CPU
		{6AA8244B-1790-4A7C-8794-D88A0E8980D1}.Release|x86.ActiveCfg = Release|Any CPU
		{6AA8244B-1790-4A7C-8794-D88A0E8980D1}.Release|x86.Build.0 = Release|Any CPU
		{93A509AE-6D41-4CC7-8A63-CFFC615D6D09}.Debug|Any CPU.ActiveCfg = Debug|Any CPU
		{93A509AE-6D41-4CC7-8A63-CFFC615D6D09}.Debug|Any CPU.Build.0 = Debug|Any CPU
		{93A509AE-6D41-4CC7-8A63-CFFC615D6D09}.Debug|x64.ActiveCfg = Debug|Any CPU
		{93A509AE-6D41-4CC7-8A63-CFFC615D6D09}.Debug|x64.Build.0 = Debug|Any CPU
		{93A509AE-6D41-4CC7-8A63-CFFC615D6D09}.Debug|x86.ActiveCfg = Debug|Any CPU
		{93A509AE-6D41-4CC7-8A63-CFFC615D6D09}.Debug|x86.Build.0 = Debug|Any CPU
		{93A509AE-6D41-4CC7-8A63-CFFC615D6D09}.Release|Any CPU.ActiveCfg = Release|Any CPU
		{93A509AE-6D41-4CC7-8A63-CFFC615D6D09}.Release|Any CPU.Build.0 = Release|Any CPU
		{93A509AE-6D41-4CC7-8A63-CFFC615D6D09}.Release|x64.ActiveCfg = Release|Any CPU
		{93A509AE-6D41-4CC7-8A63-CFFC615D6D09}.Release|x64.Build.0 = Release|Any CPU
		{93A509AE-6D41-4CC7-8A63-CFFC615D6D09}.Release|x86.ActiveCfg = Release|Any CPU
		{93A509AE-6D41-4CC7-8A63-CFFC615D6D09}.Release|x86.Build.0 = Release|Any CPU
		{9C953566-A430-4373-8735-50FC8464A1E9}.Debug|Any CPU.ActiveCfg = Debug|Any CPU
		{9C953566-A430-4373-8735-50FC8464A1E9}.Debug|Any CPU.Build.0 = Debug|Any CPU
		{9C953566-A430-4373-8735-50FC8464A1E9}.Debug|x64.ActiveCfg = Debug|Any CPU
		{9C953566-A430-4373-8735-50FC8464A1E9}.Debug|x64.Build.0 = Debug|Any CPU
		{9C953566-A430-4373-8735-50FC8464A1E9}.Debug|x86.ActiveCfg = Debug|Any CPU
		{9C953566-A430-4373-8735-50FC8464A1E9}.Debug|x86.Build.0 = Debug|Any CPU
		{9C953566-A430-4373-8735-50FC8464A1E9}.Release|Any CPU.ActiveCfg = Release|Any CPU
		{9C953566-A430-4373-8735-50FC8464A1E9}.Release|Any CPU.Build.0 = Release|Any CPU
		{9C953566-A430-4373-8735-50FC8464A1E9}.Release|x64.ActiveCfg = Release|Any CPU
		{9C953566-A430-4373-8735-50FC8464A1E9}.Release|x64.Build.0 = Release|Any CPU
		{9C953566-A430-4373-8735-50FC8464A1E9}.Release|x86.ActiveCfg = Release|Any CPU
		{9C953566-A430-4373-8735-50FC8464A1E9}.Release|x86.Build.0 = Release|Any CPU
		{921D3163-2DC7-4EE7-82C1-12B09CB2BE7F}.Debug|Any CPU.ActiveCfg = Debug|Any CPU
		{921D3163-2DC7-4EE7-82C1-12B09CB2BE7F}.Debug|Any CPU.Build.0 = Debug|Any CPU
		{921D3163-2DC7-4EE7-82C1-12B09CB2BE7F}.Debug|x64.ActiveCfg = Debug|Any CPU
		{921D3163-2DC7-4EE7-82C1-12B09CB2BE7F}.Debug|x64.Build.0 = Debug|Any CPU
		{921D3163-2DC7-4EE7-82C1-12B09CB2BE7F}.Debug|x86.ActiveCfg = Debug|Any CPU
		{921D3163-2DC7-4EE7-82C1-12B09CB2BE7F}.Debug|x86.Build.0 = Debug|Any CPU
		{921D3163-2DC7-4EE7-82C1-12B09CB2BE7F}.Release|Any CPU.ActiveCfg = Release|Any CPU
		{921D3163-2DC7-4EE7-82C1-12B09CB2BE7F}.Release|Any CPU.Build.0 = Release|Any CPU
		{921D3163-2DC7-4EE7-82C1-12B09CB2BE7F}.Release|x64.ActiveCfg = Release|Any CPU
		{921D3163-2DC7-4EE7-82C1-12B09CB2BE7F}.Release|x64.Build.0 = Release|Any CPU
		{921D3163-2DC7-4EE7-82C1-12B09CB2BE7F}.Release|x86.ActiveCfg = Release|Any CPU
		{921D3163-2DC7-4EE7-82C1-12B09CB2BE7F}.Release|x86.Build.0 = Release|Any CPU
		{1ACEE405-F222-49A3-8DCF-06E0A1880CD5}.Debug|Any CPU.ActiveCfg = Debug|Any CPU
		{1ACEE405-F222-49A3-8DCF-06E0A1880CD5}.Debug|Any CPU.Build.0 = Debug|Any CPU
		{1ACEE405-F222-49A3-8DCF-06E0A1880CD5}.Debug|x64.ActiveCfg = Debug|Any CPU
		{1ACEE405-F222-49A3-8DCF-06E0A1880CD5}.Debug|x64.Build.0 = Debug|Any CPU
		{1ACEE405-F222-49A3-8DCF-06E0A1880CD5}.Debug|x86.ActiveCfg = Debug|Any CPU
		{1ACEE405-F222-49A3-8DCF-06E0A1880CD5}.Debug|x86.Build.0 = Debug|Any CPU
		{1ACEE405-F222-49A3-8DCF-06E0A1880CD5}.Release|Any CPU.ActiveCfg = Release|Any CPU
		{1ACEE405-F222-49A3-8DCF-06E0A1880CD5}.Release|Any CPU.Build.0 = Release|Any CPU
		{1ACEE405-F222-49A3-8DCF-06E0A1880CD5}.Release|x64.ActiveCfg = Release|Any CPU
		{1ACEE405-F222-49A3-8DCF-06E0A1880CD5}.Release|x64.Build.0 = Release|Any CPU
		{1ACEE405-F222-49A3-8DCF-06E0A1880CD5}.Release|x86.ActiveCfg = Release|Any CPU
		{1ACEE405-F222-49A3-8DCF-06E0A1880CD5}.Release|x86.Build.0 = Release|Any CPU
		{63E9C65B-80EB-4B12-B6FD-E198ED17DFC3}.Debug|Any CPU.ActiveCfg = Debug|Any CPU
		{63E9C65B-80EB-4B12-B6FD-E198ED17DFC3}.Debug|Any CPU.Build.0 = Debug|Any CPU
		{63E9C65B-80EB-4B12-B6FD-E198ED17DFC3}.Debug|x64.ActiveCfg = Debug|Any CPU
		{63E9C65B-80EB-4B12-B6FD-E198ED17DFC3}.Debug|x64.Build.0 = Debug|Any CPU
		{63E9C65B-80EB-4B12-B6FD-E198ED17DFC3}.Debug|x86.ActiveCfg = Debug|Any CPU
		{63E9C65B-80EB-4B12-B6FD-E198ED17DFC3}.Debug|x86.Build.0 = Debug|Any CPU
		{63E9C65B-80EB-4B12-B6FD-E198ED17DFC3}.Release|Any CPU.ActiveCfg = Release|Any CPU
		{63E9C65B-80EB-4B12-B6FD-E198ED17DFC3}.Release|Any CPU.Build.0 = Release|Any CPU
		{63E9C65B-80EB-4B12-B6FD-E198ED17DFC3}.Release|x64.ActiveCfg = Release|Any CPU
		{63E9C65B-80EB-4B12-B6FD-E198ED17DFC3}.Release|x64.Build.0 = Release|Any CPU
		{63E9C65B-80EB-4B12-B6FD-E198ED17DFC3}.Release|x86.ActiveCfg = Release|Any CPU
		{63E9C65B-80EB-4B12-B6FD-E198ED17DFC3}.Release|x86.Build.0 = Release|Any CPU
		{B85AA70F-86AB-46BB-BBD7-4F0E777814B3}.Debug|Any CPU.ActiveCfg = Debug|Any CPU
		{B85AA70F-86AB-46BB-BBD7-4F0E777814B3}.Debug|Any CPU.Build.0 = Debug|Any CPU
		{B85AA70F-86AB-46BB-BBD7-4F0E777814B3}.Debug|x64.ActiveCfg = Debug|Any CPU
		{B85AA70F-86AB-46BB-BBD7-4F0E777814B3}.Debug|x64.Build.0 = Debug|Any CPU
		{B85AA70F-86AB-46BB-BBD7-4F0E777814B3}.Debug|x86.ActiveCfg = Debug|Any CPU
		{B85AA70F-86AB-46BB-BBD7-4F0E777814B3}.Debug|x86.Build.0 = Debug|Any CPU
		{B85AA70F-86AB-46BB-BBD7-4F0E777814B3}.Release|Any CPU.ActiveCfg = Release|Any CPU
		{B85AA70F-86AB-46BB-BBD7-4F0E777814B3}.Release|Any CPU.Build.0 = Release|Any CPU
		{B85AA70F-86AB-46BB-BBD7-4F0E777814B3}.Release|x64.ActiveCfg = Release|Any CPU
		{B85AA70F-86AB-46BB-BBD7-4F0E777814B3}.Release|x64.Build.0 = Release|Any CPU
		{B85AA70F-86AB-46BB-BBD7-4F0E777814B3}.Release|x86.ActiveCfg = Release|Any CPU
		{B85AA70F-86AB-46BB-BBD7-4F0E777814B3}.Release|x86.Build.0 = Release|Any CPU
		{C9E75D1E-61FC-49DE-8FD0-F2334986B573}.Debug|Any CPU.ActiveCfg = Debug|Any CPU
		{C9E75D1E-61FC-49DE-8FD0-F2334986B573}.Debug|Any CPU.Build.0 = Debug|Any CPU
		{C9E75D1E-61FC-49DE-8FD0-F2334986B573}.Debug|x64.ActiveCfg = Debug|Any CPU
		{C9E75D1E-61FC-49DE-8FD0-F2334986B573}.Debug|x64.Build.0 = Debug|Any CPU
		{C9E75D1E-61FC-49DE-8FD0-F2334986B573}.Debug|x86.ActiveCfg = Debug|Any CPU
		{C9E75D1E-61FC-49DE-8FD0-F2334986B573}.Debug|x86.Build.0 = Debug|Any CPU
		{C9E75D1E-61FC-49DE-8FD0-F2334986B573}.Release|Any CPU.ActiveCfg = Release|Any CPU
		{C9E75D1E-61FC-49DE-8FD0-F2334986B573}.Release|Any CPU.Build.0 = Release|Any CPU
		{C9E75D1E-61FC-49DE-8FD0-F2334986B573}.Release|x64.ActiveCfg = Release|Any CPU
		{C9E75D1E-61FC-49DE-8FD0-F2334986B573}.Release|x64.Build.0 = Release|Any CPU
		{C9E75D1E-61FC-49DE-8FD0-F2334986B573}.Release|x86.ActiveCfg = Release|Any CPU
		{C9E75D1E-61FC-49DE-8FD0-F2334986B573}.Release|x86.Build.0 = Release|Any CPU
		{0FF45ADA-531C-4408-917F-997900C3DB14}.Debug|Any CPU.ActiveCfg = Debug|Any CPU
		{0FF45ADA-531C-4408-917F-997900C3DB14}.Debug|Any CPU.Build.0 = Debug|Any CPU
		{0FF45ADA-531C-4408-917F-997900C3DB14}.Debug|x64.ActiveCfg = Debug|Any CPU
		{0FF45ADA-531C-4408-917F-997900C3DB14}.Debug|x64.Build.0 = Debug|Any CPU
		{0FF45ADA-531C-4408-917F-997900C3DB14}.Debug|x86.ActiveCfg = Debug|Any CPU
		{0FF45ADA-531C-4408-917F-997900C3DB14}.Debug|x86.Build.0 = Debug|Any CPU
		{0FF45ADA-531C-4408-917F-997900C3DB14}.Release|Any CPU.ActiveCfg = Release|Any CPU
		{0FF45ADA-531C-4408-917F-997900C3DB14}.Release|Any CPU.Build.0 = Release|Any CPU
		{0FF45ADA-531C-4408-917F-997900C3DB14}.Release|x64.ActiveCfg = Release|Any CPU
		{0FF45ADA-531C-4408-917F-997900C3DB14}.Release|x64.Build.0 = Release|Any CPU
		{0FF45ADA-531C-4408-917F-997900C3DB14}.Release|x86.ActiveCfg = Release|Any CPU
		{0FF45ADA-531C-4408-917F-997900C3DB14}.Release|x86.Build.0 = Release|Any CPU
		{05A601E0-439C-48CF-B11D-A47F061CE08E}.Debug|Any CPU.ActiveCfg = Debug|Any CPU
		{05A601E0-439C-48CF-B11D-A47F061CE08E}.Debug|Any CPU.Build.0 = Debug|Any CPU
		{05A601E0-439C-48CF-B11D-A47F061CE08E}.Debug|x64.ActiveCfg = Debug|Any CPU
		{05A601E0-439C-48CF-B11D-A47F061CE08E}.Debug|x64.Build.0 = Debug|Any CPU
		{05A601E0-439C-48CF-B11D-A47F061CE08E}.Debug|x86.ActiveCfg = Debug|Any CPU
		{05A601E0-439C-48CF-B11D-A47F061CE08E}.Debug|x86.Build.0 = Debug|Any CPU
		{05A601E0-439C-48CF-B11D-A47F061CE08E}.Release|Any CPU.ActiveCfg = Release|Any CPU
		{05A601E0-439C-48CF-B11D-A47F061CE08E}.Release|Any CPU.Build.0 = Release|Any CPU
		{05A601E0-439C-48CF-B11D-A47F061CE08E}.Release|x64.ActiveCfg = Release|Any CPU
		{05A601E0-439C-48CF-B11D-A47F061CE08E}.Release|x64.Build.0 = Release|Any CPU
		{05A601E0-439C-48CF-B11D-A47F061CE08E}.Release|x86.ActiveCfg = Release|Any CPU
		{05A601E0-439C-48CF-B11D-A47F061CE08E}.Release|x86.Build.0 = Release|Any CPU
		{EE96B249-C9BC-4454-AFAE-62467D261CE8}.Debug|Any CPU.ActiveCfg = Debug|Any CPU
		{EE96B249-C9BC-4454-AFAE-62467D261CE8}.Debug|Any CPU.Build.0 = Debug|Any CPU
		{EE96B249-C9BC-4454-AFAE-62467D261CE8}.Debug|x64.ActiveCfg = Debug|Any CPU
		{EE96B249-C9BC-4454-AFAE-62467D261CE8}.Debug|x64.Build.0 = Debug|Any CPU
		{EE96B249-C9BC-4454-AFAE-62467D261CE8}.Debug|x86.ActiveCfg = Debug|Any CPU
		{EE96B249-C9BC-4454-AFAE-62467D261CE8}.Debug|x86.Build.0 = Debug|Any CPU
		{EE96B249-C9BC-4454-AFAE-62467D261CE8}.Release|Any CPU.ActiveCfg = Release|Any CPU
		{EE96B249-C9BC-4454-AFAE-62467D261CE8}.Release|Any CPU.Build.0 = Release|Any CPU
		{EE96B249-C9BC-4454-AFAE-62467D261CE8}.Release|x64.ActiveCfg = Release|Any CPU
		{EE96B249-C9BC-4454-AFAE-62467D261CE8}.Release|x64.Build.0 = Release|Any CPU
		{EE96B249-C9BC-4454-AFAE-62467D261CE8}.Release|x86.ActiveCfg = Release|Any CPU
		{EE96B249-C9BC-4454-AFAE-62467D261CE8}.Release|x86.Build.0 = Release|Any CPU
		{D1ADA381-22DA-474A-AA58-330C8ED2B90B}.Debug|Any CPU.ActiveCfg = Debug|Any CPU
		{D1ADA381-22DA-474A-AA58-330C8ED2B90B}.Debug|Any CPU.Build.0 = Debug|Any CPU
		{D1ADA381-22DA-474A-AA58-330C8ED2B90B}.Debug|x64.ActiveCfg = Debug|Any CPU
		{D1ADA381-22DA-474A-AA58-330C8ED2B90B}.Debug|x64.Build.0 = Debug|Any CPU
		{D1ADA381-22DA-474A-AA58-330C8ED2B90B}.Debug|x86.ActiveCfg = Debug|Any CPU
		{D1ADA381-22DA-474A-AA58-330C8ED2B90B}.Debug|x86.Build.0 = Debug|Any CPU
		{D1ADA381-22DA-474A-AA58-330C8ED2B90B}.Release|Any CPU.ActiveCfg = Release|Any CPU
		{D1ADA381-22DA-474A-AA58-330C8ED2B90B}.Release|Any CPU.Build.0 = Release|Any CPU
		{D1ADA381-22DA-474A-AA58-330C8ED2B90B}.Release|x64.ActiveCfg = Release|Any CPU
		{D1ADA381-22DA-474A-AA58-330C8ED2B90B}.Release|x64.Build.0 = Release|Any CPU
		{D1ADA381-22DA-474A-AA58-330C8ED2B90B}.Release|x86.ActiveCfg = Release|Any CPU
		{D1ADA381-22DA-474A-AA58-330C8ED2B90B}.Release|x86.Build.0 = Release|Any CPU
		{4281CAED-868C-4964-8FD1-C5DB5AA405BF}.Debug|Any CPU.ActiveCfg = Debug|Any CPU
		{4281CAED-868C-4964-8FD1-C5DB5AA405BF}.Debug|Any CPU.Build.0 = Debug|Any CPU
		{4281CAED-868C-4964-8FD1-C5DB5AA405BF}.Debug|x64.ActiveCfg = Debug|Any CPU
		{4281CAED-868C-4964-8FD1-C5DB5AA405BF}.Debug|x64.Build.0 = Debug|Any CPU
		{4281CAED-868C-4964-8FD1-C5DB5AA405BF}.Debug|x86.ActiveCfg = Debug|Any CPU
		{4281CAED-868C-4964-8FD1-C5DB5AA405BF}.Debug|x86.Build.0 = Debug|Any CPU
		{4281CAED-868C-4964-8FD1-C5DB5AA405BF}.Release|Any CPU.ActiveCfg = Release|Any CPU
		{4281CAED-868C-4964-8FD1-C5DB5AA405BF}.Release|Any CPU.Build.0 = Release|Any CPU
		{4281CAED-868C-4964-8FD1-C5DB5AA405BF}.Release|x64.ActiveCfg = Release|Any CPU
		{4281CAED-868C-4964-8FD1-C5DB5AA405BF}.Release|x64.Build.0 = Release|Any CPU
		{4281CAED-868C-4964-8FD1-C5DB5AA405BF}.Release|x86.ActiveCfg = Release|Any CPU
		{4281CAED-868C-4964-8FD1-C5DB5AA405BF}.Release|x86.Build.0 = Release|Any CPU
		{BA276F30-4175-41FC-A673-FC6C706A1337}.Debug|Any CPU.ActiveCfg = Debug|Any CPU
		{BA276F30-4175-41FC-A673-FC6C706A1337}.Debug|Any CPU.Build.0 = Debug|Any CPU
		{BA276F30-4175-41FC-A673-FC6C706A1337}.Debug|x64.ActiveCfg = Debug|Any CPU
		{BA276F30-4175-41FC-A673-FC6C706A1337}.Debug|x64.Build.0 = Debug|Any CPU
		{BA276F30-4175-41FC-A673-FC6C706A1337}.Debug|x86.ActiveCfg = Debug|Any CPU
		{BA276F30-4175-41FC-A673-FC6C706A1337}.Debug|x86.Build.0 = Debug|Any CPU
		{BA276F30-4175-41FC-A673-FC6C706A1337}.Release|Any CPU.ActiveCfg = Release|Any CPU
		{BA276F30-4175-41FC-A673-FC6C706A1337}.Release|Any CPU.Build.0 = Release|Any CPU
		{BA276F30-4175-41FC-A673-FC6C706A1337}.Release|x64.ActiveCfg = Release|Any CPU
		{BA276F30-4175-41FC-A673-FC6C706A1337}.Release|x64.Build.0 = Release|Any CPU
		{BA276F30-4175-41FC-A673-FC6C706A1337}.Release|x86.ActiveCfg = Release|Any CPU
		{BA276F30-4175-41FC-A673-FC6C706A1337}.Release|x86.Build.0 = Release|Any CPU
		{A6948F7D-209A-40C1-ADC8-EC6C38DFFF73}.Debug|Any CPU.ActiveCfg = Debug|Any CPU
		{A6948F7D-209A-40C1-ADC8-EC6C38DFFF73}.Debug|Any CPU.Build.0 = Debug|Any CPU
		{A6948F7D-209A-40C1-ADC8-EC6C38DFFF73}.Debug|x64.ActiveCfg = Debug|Any CPU
		{A6948F7D-209A-40C1-ADC8-EC6C38DFFF73}.Debug|x64.Build.0 = Debug|Any CPU
		{A6948F7D-209A-40C1-ADC8-EC6C38DFFF73}.Debug|x86.ActiveCfg = Debug|Any CPU
		{A6948F7D-209A-40C1-ADC8-EC6C38DFFF73}.Debug|x86.Build.0 = Debug|Any CPU
		{A6948F7D-209A-40C1-ADC8-EC6C38DFFF73}.Release|Any CPU.ActiveCfg = Release|Any CPU
		{A6948F7D-209A-40C1-ADC8-EC6C38DFFF73}.Release|Any CPU.Build.0 = Release|Any CPU
		{A6948F7D-209A-40C1-ADC8-EC6C38DFFF73}.Release|x64.ActiveCfg = Release|Any CPU
		{A6948F7D-209A-40C1-ADC8-EC6C38DFFF73}.Release|x64.Build.0 = Release|Any CPU
		{A6948F7D-209A-40C1-ADC8-EC6C38DFFF73}.Release|x86.ActiveCfg = Release|Any CPU
		{A6948F7D-209A-40C1-ADC8-EC6C38DFFF73}.Release|x86.Build.0 = Release|Any CPU
		{BB9872BF-E673-4DBE-976D-1C4E3DB3ADB7}.Debug|Any CPU.ActiveCfg = Debug|Any CPU
		{BB9872BF-E673-4DBE-976D-1C4E3DB3ADB7}.Debug|Any CPU.Build.0 = Debug|Any CPU
		{BB9872BF-E673-4DBE-976D-1C4E3DB3ADB7}.Debug|x64.ActiveCfg = Debug|Any CPU
		{BB9872BF-E673-4DBE-976D-1C4E3DB3ADB7}.Debug|x64.Build.0 = Debug|Any CPU
		{BB9872BF-E673-4DBE-976D-1C4E3DB3ADB7}.Debug|x86.ActiveCfg = Debug|Any CPU
		{BB9872BF-E673-4DBE-976D-1C4E3DB3ADB7}.Debug|x86.Build.0 = Debug|Any CPU
		{BB9872BF-E673-4DBE-976D-1C4E3DB3ADB7}.Release|Any CPU.ActiveCfg = Release|Any CPU
		{BB9872BF-E673-4DBE-976D-1C4E3DB3ADB7}.Release|Any CPU.Build.0 = Release|Any CPU
		{BB9872BF-E673-4DBE-976D-1C4E3DB3ADB7}.Release|x64.ActiveCfg = Release|Any CPU
		{BB9872BF-E673-4DBE-976D-1C4E3DB3ADB7}.Release|x64.Build.0 = Release|Any CPU
		{BB9872BF-E673-4DBE-976D-1C4E3DB3ADB7}.Release|x86.ActiveCfg = Release|Any CPU
		{BB9872BF-E673-4DBE-976D-1C4E3DB3ADB7}.Release|x86.Build.0 = Release|Any CPU
		{F683E067-0F58-407E-B36D-FFF3E5D753FD}.Debug|Any CPU.ActiveCfg = Debug|Any CPU
		{F683E067-0F58-407E-B36D-FFF3E5D753FD}.Debug|Any CPU.Build.0 = Debug|Any CPU
		{F683E067-0F58-407E-B36D-FFF3E5D753FD}.Debug|x64.ActiveCfg = Debug|Any CPU
		{F683E067-0F58-407E-B36D-FFF3E5D753FD}.Debug|x64.Build.0 = Debug|Any CPU
		{F683E067-0F58-407E-B36D-FFF3E5D753FD}.Debug|x86.ActiveCfg = Debug|Any CPU
		{F683E067-0F58-407E-B36D-FFF3E5D753FD}.Debug|x86.Build.0 = Debug|Any CPU
		{F683E067-0F58-407E-B36D-FFF3E5D753FD}.Release|Any CPU.ActiveCfg = Release|Any CPU
		{F683E067-0F58-407E-B36D-FFF3E5D753FD}.Release|Any CPU.Build.0 = Release|Any CPU
		{F683E067-0F58-407E-B36D-FFF3E5D753FD}.Release|x64.ActiveCfg = Release|Any CPU
		{F683E067-0F58-407E-B36D-FFF3E5D753FD}.Release|x64.Build.0 = Release|Any CPU
		{F683E067-0F58-407E-B36D-FFF3E5D753FD}.Release|x86.ActiveCfg = Release|Any CPU
		{F683E067-0F58-407E-B36D-FFF3E5D753FD}.Release|x86.Build.0 = Release|Any CPU
		{CF525F8A-A1B2-4C76-AF0D-6E77B90924DE}.Debug|Any CPU.ActiveCfg = Debug|Any CPU
		{CF525F8A-A1B2-4C76-AF0D-6E77B90924DE}.Debug|Any CPU.Build.0 = Debug|Any CPU
		{CF525F8A-A1B2-4C76-AF0D-6E77B90924DE}.Debug|x64.ActiveCfg = Debug|Any CPU
		{CF525F8A-A1B2-4C76-AF0D-6E77B90924DE}.Debug|x64.Build.0 = Debug|Any CPU
		{CF525F8A-A1B2-4C76-AF0D-6E77B90924DE}.Debug|x86.ActiveCfg = Debug|Any CPU
		{CF525F8A-A1B2-4C76-AF0D-6E77B90924DE}.Debug|x86.Build.0 = Debug|Any CPU
		{CF525F8A-A1B2-4C76-AF0D-6E77B90924DE}.Release|Any CPU.ActiveCfg = Release|Any CPU
		{CF525F8A-A1B2-4C76-AF0D-6E77B90924DE}.Release|Any CPU.Build.0 = Release|Any CPU
		{CF525F8A-A1B2-4C76-AF0D-6E77B90924DE}.Release|x64.ActiveCfg = Release|Any CPU
		{CF525F8A-A1B2-4C76-AF0D-6E77B90924DE}.Release|x64.Build.0 = Release|Any CPU
		{CF525F8A-A1B2-4C76-AF0D-6E77B90924DE}.Release|x86.ActiveCfg = Release|Any CPU
		{CF525F8A-A1B2-4C76-AF0D-6E77B90924DE}.Release|x86.Build.0 = Release|Any CPU
		{48EA0DB3-4F97-49CE-8AAA-9E985A4F26BF}.Debug|Any CPU.ActiveCfg = Debug|Any CPU
		{48EA0DB3-4F97-49CE-8AAA-9E985A4F26BF}.Debug|Any CPU.Build.0 = Debug|Any CPU
		{48EA0DB3-4F97-49CE-8AAA-9E985A4F26BF}.Debug|x64.ActiveCfg = Debug|Any CPU
		{48EA0DB3-4F97-49CE-8AAA-9E985A4F26BF}.Debug|x64.Build.0 = Debug|Any CPU
		{48EA0DB3-4F97-49CE-8AAA-9E985A4F26BF}.Debug|x86.ActiveCfg = Debug|Any CPU
		{48EA0DB3-4F97-49CE-8AAA-9E985A4F26BF}.Debug|x86.Build.0 = Debug|Any CPU
		{48EA0DB3-4F97-49CE-8AAA-9E985A4F26BF}.Release|Any CPU.ActiveCfg = Release|Any CPU
		{48EA0DB3-4F97-49CE-8AAA-9E985A4F26BF}.Release|Any CPU.Build.0 = Release|Any CPU
		{48EA0DB3-4F97-49CE-8AAA-9E985A4F26BF}.Release|x64.ActiveCfg = Release|Any CPU
		{48EA0DB3-4F97-49CE-8AAA-9E985A4F26BF}.Release|x64.Build.0 = Release|Any CPU
		{48EA0DB3-4F97-49CE-8AAA-9E985A4F26BF}.Release|x86.ActiveCfg = Release|Any CPU
		{48EA0DB3-4F97-49CE-8AAA-9E985A4F26BF}.Release|x86.Build.0 = Release|Any CPU
		{D506EEE8-8CD2-49AA-A945-2CC758105A83}.Debug|Any CPU.ActiveCfg = Debug|Any CPU
		{D506EEE8-8CD2-49AA-A945-2CC758105A83}.Debug|Any CPU.Build.0 = Debug|Any CPU
		{D506EEE8-8CD2-49AA-A945-2CC758105A83}.Debug|x64.ActiveCfg = Debug|Any CPU
		{D506EEE8-8CD2-49AA-A945-2CC758105A83}.Debug|x64.Build.0 = Debug|Any CPU
		{D506EEE8-8CD2-49AA-A945-2CC758105A83}.Debug|x86.ActiveCfg = Debug|Any CPU
		{D506EEE8-8CD2-49AA-A945-2CC758105A83}.Debug|x86.Build.0 = Debug|Any CPU
		{D506EEE8-8CD2-49AA-A945-2CC758105A83}.Release|Any CPU.ActiveCfg = Release|Any CPU
		{D506EEE8-8CD2-49AA-A945-2CC758105A83}.Release|Any CPU.Build.0 = Release|Any CPU
		{D506EEE8-8CD2-49AA-A945-2CC758105A83}.Release|x64.ActiveCfg = Release|Any CPU
		{D506EEE8-8CD2-49AA-A945-2CC758105A83}.Release|x64.Build.0 = Release|Any CPU
		{D506EEE8-8CD2-49AA-A945-2CC758105A83}.Release|x86.ActiveCfg = Release|Any CPU
		{D506EEE8-8CD2-49AA-A945-2CC758105A83}.Release|x86.Build.0 = Release|Any CPU
		{F463F8F1-89CD-42D1-B4A5-4056241A8FEF}.Debug|Any CPU.ActiveCfg = Debug|Any CPU
		{F463F8F1-89CD-42D1-B4A5-4056241A8FEF}.Debug|Any CPU.Build.0 = Debug|Any CPU
		{F463F8F1-89CD-42D1-B4A5-4056241A8FEF}.Debug|x64.ActiveCfg = Debug|Any CPU
		{F463F8F1-89CD-42D1-B4A5-4056241A8FEF}.Debug|x64.Build.0 = Debug|Any CPU
		{F463F8F1-89CD-42D1-B4A5-4056241A8FEF}.Debug|x86.ActiveCfg = Debug|Any CPU
		{F463F8F1-89CD-42D1-B4A5-4056241A8FEF}.Debug|x86.Build.0 = Debug|Any CPU
		{F463F8F1-89CD-42D1-B4A5-4056241A8FEF}.Release|Any CPU.ActiveCfg = Release|Any CPU
		{F463F8F1-89CD-42D1-B4A5-4056241A8FEF}.Release|Any CPU.Build.0 = Release|Any CPU
		{F463F8F1-89CD-42D1-B4A5-4056241A8FEF}.Release|x64.ActiveCfg = Release|Any CPU
		{F463F8F1-89CD-42D1-B4A5-4056241A8FEF}.Release|x64.Build.0 = Release|Any CPU
		{F463F8F1-89CD-42D1-B4A5-4056241A8FEF}.Release|x86.ActiveCfg = Release|Any CPU
		{F463F8F1-89CD-42D1-B4A5-4056241A8FEF}.Release|x86.Build.0 = Release|Any CPU
		{B022D11E-BD31-4444-9724-51FC0D96723A}.Debug|Any CPU.ActiveCfg = Debug|Any CPU
		{B022D11E-BD31-4444-9724-51FC0D96723A}.Debug|Any CPU.Build.0 = Debug|Any CPU
		{B022D11E-BD31-4444-9724-51FC0D96723A}.Debug|x64.ActiveCfg = Debug|Any CPU
		{B022D11E-BD31-4444-9724-51FC0D96723A}.Debug|x64.Build.0 = Debug|Any CPU
		{B022D11E-BD31-4444-9724-51FC0D96723A}.Debug|x86.ActiveCfg = Debug|Any CPU
		{B022D11E-BD31-4444-9724-51FC0D96723A}.Debug|x86.Build.0 = Debug|Any CPU
		{B022D11E-BD31-4444-9724-51FC0D96723A}.Release|Any CPU.ActiveCfg = Release|Any CPU
		{B022D11E-BD31-4444-9724-51FC0D96723A}.Release|Any CPU.Build.0 = Release|Any CPU
		{B022D11E-BD31-4444-9724-51FC0D96723A}.Release|x64.ActiveCfg = Release|Any CPU
		{B022D11E-BD31-4444-9724-51FC0D96723A}.Release|x64.Build.0 = Release|Any CPU
		{B022D11E-BD31-4444-9724-51FC0D96723A}.Release|x86.ActiveCfg = Release|Any CPU
		{B022D11E-BD31-4444-9724-51FC0D96723A}.Release|x86.Build.0 = Release|Any CPU
		{2C4ACA50-6189-4D49-920F-942815437DC4}.Debug|Any CPU.ActiveCfg = Debug|Any CPU
		{2C4ACA50-6189-4D49-920F-942815437DC4}.Debug|Any CPU.Build.0 = Debug|Any CPU
		{2C4ACA50-6189-4D49-920F-942815437DC4}.Debug|x64.ActiveCfg = Debug|Any CPU
		{2C4ACA50-6189-4D49-920F-942815437DC4}.Debug|x64.Build.0 = Debug|Any CPU
		{2C4ACA50-6189-4D49-920F-942815437DC4}.Debug|x86.ActiveCfg = Debug|Any CPU
		{2C4ACA50-6189-4D49-920F-942815437DC4}.Debug|x86.Build.0 = Debug|Any CPU
		{2C4ACA50-6189-4D49-920F-942815437DC4}.Release|Any CPU.ActiveCfg = Release|Any CPU
		{2C4ACA50-6189-4D49-920F-942815437DC4}.Release|Any CPU.Build.0 = Release|Any CPU
		{2C4ACA50-6189-4D49-920F-942815437DC4}.Release|x64.ActiveCfg = Release|Any CPU
		{2C4ACA50-6189-4D49-920F-942815437DC4}.Release|x64.Build.0 = Release|Any CPU
		{2C4ACA50-6189-4D49-920F-942815437DC4}.Release|x86.ActiveCfg = Release|Any CPU
		{2C4ACA50-6189-4D49-920F-942815437DC4}.Release|x86.Build.0 = Release|Any CPU
		{50A10494-3294-41B5-A72B-06096CF61C51}.Debug|Any CPU.ActiveCfg = Debug|Any CPU
		{50A10494-3294-41B5-A72B-06096CF61C51}.Debug|Any CPU.Build.0 = Debug|Any CPU
		{50A10494-3294-41B5-A72B-06096CF61C51}.Debug|x64.ActiveCfg = Debug|Any CPU
		{50A10494-3294-41B5-A72B-06096CF61C51}.Debug|x64.Build.0 = Debug|Any CPU
		{50A10494-3294-41B5-A72B-06096CF61C51}.Debug|x86.ActiveCfg = Debug|Any CPU
		{50A10494-3294-41B5-A72B-06096CF61C51}.Debug|x86.Build.0 = Debug|Any CPU
		{50A10494-3294-41B5-A72B-06096CF61C51}.Release|Any CPU.ActiveCfg = Release|Any CPU
		{50A10494-3294-41B5-A72B-06096CF61C51}.Release|Any CPU.Build.0 = Release|Any CPU
		{50A10494-3294-41B5-A72B-06096CF61C51}.Release|x64.ActiveCfg = Release|Any CPU
		{50A10494-3294-41B5-A72B-06096CF61C51}.Release|x64.Build.0 = Release|Any CPU
		{50A10494-3294-41B5-A72B-06096CF61C51}.Release|x86.ActiveCfg = Release|Any CPU
		{50A10494-3294-41B5-A72B-06096CF61C51}.Release|x86.Build.0 = Release|Any CPU
		{3C96F81E-C514-489B-A311-817728EAF7F6}.Debug|Any CPU.ActiveCfg = Debug|Any CPU
		{3C96F81E-C514-489B-A311-817728EAF7F6}.Debug|Any CPU.Build.0 = Debug|Any CPU
		{3C96F81E-C514-489B-A311-817728EAF7F6}.Debug|x64.ActiveCfg = Debug|Any CPU
		{3C96F81E-C514-489B-A311-817728EAF7F6}.Debug|x64.Build.0 = Debug|Any CPU
		{3C96F81E-C514-489B-A311-817728EAF7F6}.Debug|x86.ActiveCfg = Debug|Any CPU
		{3C96F81E-C514-489B-A311-817728EAF7F6}.Debug|x86.Build.0 = Debug|Any CPU
		{3C96F81E-C514-489B-A311-817728EAF7F6}.Release|Any CPU.ActiveCfg = Release|Any CPU
		{3C96F81E-C514-489B-A311-817728EAF7F6}.Release|Any CPU.Build.0 = Release|Any CPU
		{3C96F81E-C514-489B-A311-817728EAF7F6}.Release|x64.ActiveCfg = Release|Any CPU
		{3C96F81E-C514-489B-A311-817728EAF7F6}.Release|x64.Build.0 = Release|Any CPU
		{3C96F81E-C514-489B-A311-817728EAF7F6}.Release|x86.ActiveCfg = Release|Any CPU
		{3C96F81E-C514-489B-A311-817728EAF7F6}.Release|x86.Build.0 = Release|Any CPU
	EndGlobalSection
	GlobalSection(SolutionProperties) = preSolution
		HideSolutionNode = FALSE
	EndGlobalSection
	GlobalSection(NestedProjects) = preSolution
		{EC447DCF-ABFA-6E24-52A5-D7FD48A5C558} = {827E0CD3-B72D-47B6-A68D-7590B98EB39B}
		{DA0A0FAD-B77D-FDD6-35C5-001386650F99} = {EC447DCF-ABFA-6E24-52A5-D7FD48A5C558}
		{0F13BE98-2DEB-4800-843C-594E43CAA051} = {DA0A0FAD-B77D-FDD6-35C5-001386650F99}
		{40E1D64C-D113-45E8-BAEA-7EC5381D3804} = {827E0CD3-B72D-47B6-A68D-7590B98EB39B}
		{E68DDC93-ACB5-4018-866B-C6D2A4A7833D} = {DA0A0FAD-B77D-FDD6-35C5-001386650F99}
		{5024E3C9-67E3-4CEB-98BC-BE20C8109043} = {DA0A0FAD-B77D-FDD6-35C5-001386650F99}
		{B7504168-2F66-9EF4-E8D7-36B98062A6F8} = {EC447DCF-ABFA-6E24-52A5-D7FD48A5C558}
		{1B8B6241-76A5-4B55-ADB1-D0190BA3E77B} = {B7504168-2F66-9EF4-E8D7-36B98062A6F8}
		{EE139395-F77F-4B9E-B340-12FDD737B01E} = {B7504168-2F66-9EF4-E8D7-36B98062A6F8}
		{CFAB5B76-B469-4130-A059-A4B9A7A53460} = {B7504168-2F66-9EF4-E8D7-36B98062A6F8}
		{9835C5D8-3138-DB98-2AD2-B836632BE08A} = {EC447DCF-ABFA-6E24-52A5-D7FD48A5C558}
		{CA705165-F2BD-4706-BB33-E9E4C2376E72} = {9835C5D8-3138-DB98-2AD2-B836632BE08A}
		{EA1CFB80-591B-42EE-A5A7-A25EC4267628} = {9835C5D8-3138-DB98-2AD2-B836632BE08A}
		{F1A34A5E-894D-443C-8D4B-E8E96C36F68F} = {9835C5D8-3138-DB98-2AD2-B836632BE08A}
		{138B168B-2473-B06D-4BD5-1B010DA319A1} = {EC447DCF-ABFA-6E24-52A5-D7FD48A5C558}
		{D56A2D32-30B7-4642-91B4-8F6B7CACF485} = {138B168B-2473-B06D-4BD5-1B010DA319A1}
		{CF6D77C4-43E1-4E92-9710-1E7F621639F8} = {138B168B-2473-B06D-4BD5-1B010DA319A1}
		{5B845F98-6734-4151-B76B-77EDF9E5BBEF} = {138B168B-2473-B06D-4BD5-1B010DA319A1}
		{7AD5252A-36DB-2D73-68F8-483A9FC97FCA} = {EC447DCF-ABFA-6E24-52A5-D7FD48A5C558}
		{AB4BE200-4AB4-492C-BA9E-990189D47674} = {7AD5252A-36DB-2D73-68F8-483A9FC97FCA}
		{7206E661-CA05-453F-9F9C-914053108B2C} = {7AD5252A-36DB-2D73-68F8-483A9FC97FCA}
		{DAD0C2AF-53E5-42AF-9754-6B45024296CC} = {7AD5252A-36DB-2D73-68F8-483A9FC97FCA}
		{0EC62A1A-9858-3A60-8A0C-FC9AACFA2EC7} = {EC447DCF-ABFA-6E24-52A5-D7FD48A5C558}
		{6AA8244B-1790-4A7C-8794-D88A0E8980D1} = {0EC62A1A-9858-3A60-8A0C-FC9AACFA2EC7}
		{93A509AE-6D41-4CC7-8A63-CFFC615D6D09} = {0EC62A1A-9858-3A60-8A0C-FC9AACFA2EC7}
		{9C953566-A430-4373-8735-50FC8464A1E9} = {0EC62A1A-9858-3A60-8A0C-FC9AACFA2EC7}
		{A0A5518F-4563-9F5B-0AD7-60A51DC67CE6} = {EC447DCF-ABFA-6E24-52A5-D7FD48A5C558}
		{921D3163-2DC7-4EE7-82C1-12B09CB2BE7F} = {A0A5518F-4563-9F5B-0AD7-60A51DC67CE6}
		{1ACEE405-F222-49A3-8DCF-06E0A1880CD5} = {A0A5518F-4563-9F5B-0AD7-60A51DC67CE6}
		{63E9C65B-80EB-4B12-B6FD-E198ED17DFC3} = {A0A5518F-4563-9F5B-0AD7-60A51DC67CE6}
		{DE9DAF8A-E684-0FD3-FFDC-40D3E3158533} = {EC447DCF-ABFA-6E24-52A5-D7FD48A5C558}
		{B85AA70F-86AB-46BB-BBD7-4F0E777814B3} = {DE9DAF8A-E684-0FD3-FFDC-40D3E3158533}
		{C9E75D1E-61FC-49DE-8FD0-F2334986B573} = {DE9DAF8A-E684-0FD3-FFDC-40D3E3158533}
		{0FF45ADA-531C-4408-917F-997900C3DB14} = {DE9DAF8A-E684-0FD3-FFDC-40D3E3158533}
		{4C6BDAE4-8D09-3162-71E4-914813D2EA71} = {EC447DCF-ABFA-6E24-52A5-D7FD48A5C558}
		{05A601E0-439C-48CF-B11D-A47F061CE08E} = {4C6BDAE4-8D09-3162-71E4-914813D2EA71}
		{EE96B249-C9BC-4454-AFAE-62467D261CE8} = {4C6BDAE4-8D09-3162-71E4-914813D2EA71}
		{D1ADA381-22DA-474A-AA58-330C8ED2B90B} = {4C6BDAE4-8D09-3162-71E4-914813D2EA71}
		{36085FE5-2F3B-08E4-8E3E-EB6543970461} = {EC447DCF-ABFA-6E24-52A5-D7FD48A5C558}
		{4281CAED-868C-4964-8FD1-C5DB5AA405BF} = {36085FE5-2F3B-08E4-8E3E-EB6543970461}
		{BA276F30-4175-41FC-A673-FC6C706A1337} = {36085FE5-2F3B-08E4-8E3E-EB6543970461}
		{A6948F7D-209A-40C1-ADC8-EC6C38DFFF73} = {36085FE5-2F3B-08E4-8E3E-EB6543970461}
		{4229EDB8-0862-B55E-9945-90D59FE8EB87} = {EC447DCF-ABFA-6E24-52A5-D7FD48A5C558}
		{BB9872BF-E673-4DBE-976D-1C4E3DB3ADB7} = {4229EDB8-0862-B55E-9945-90D59FE8EB87}
		{F683E067-0F58-407E-B36D-FFF3E5D753FD} = {4229EDB8-0862-B55E-9945-90D59FE8EB87}
		{CF525F8A-A1B2-4C76-AF0D-6E77B90924DE} = {4229EDB8-0862-B55E-9945-90D59FE8EB87}
		{DCC2A9F5-D008-FC8D-9716-AE5A6AD62564} = {EC447DCF-ABFA-6E24-52A5-D7FD48A5C558}
		{48EA0DB3-4F97-49CE-8AAA-9E985A4F26BF} = {DCC2A9F5-D008-FC8D-9716-AE5A6AD62564}
		{D506EEE8-8CD2-49AA-A945-2CC758105A83} = {DCC2A9F5-D008-FC8D-9716-AE5A6AD62564}
		{F463F8F1-89CD-42D1-B4A5-4056241A8FEF} = {DCC2A9F5-D008-FC8D-9716-AE5A6AD62564}
		{B022D11E-BD31-4444-9724-51FC0D96723A} = {827E0CD3-B72D-47B6-A68D-7590B98EB39B}
		{2C4ACA50-6189-4D49-920F-942815437DC4} = {0AB3BF05-4346-4AA6-1389-037BE0695223}
		{50A10494-3294-41B5-A72B-06096CF61C51} = {0AB3BF05-4346-4AA6-1389-037BE0695223}
		{3C96F81E-C514-489B-A311-817728EAF7F6} = {0AB3BF05-4346-4AA6-1389-037BE0695223}
	EndGlobalSection
EndGlobal
